{
    "name": "@snake-game/root",
    "version": "1.0.0",
    "lockfileVersion": 3,
    "requires": true,
    "packages": {
        "": {
            "name": "@snake-game/root",
            "version": "1.0.0",
            "workspaces": [
                "shared/*",
                "snake-game-client/*",
                "snake-game-server/*"
            ]
        }
    }
}
